{
  "version": "5",
  "specifiers": {
    "jsr:@std/collections@^1.1.3": "1.2.0",
    "jsr:@std/internal@^1.0.14": "1.0.14",
    "jsr:@std/path@*": "1.1.5",
    "jsr:@std/toml@*": "1.0.11"
  },
  "jsr": {
    "@std/collections@1.2.0": {
      "integrity": "47627a21d3a13138b77fd0e4d790ba9d2e603c3510b686cde6b132fe9aa98a88"
    },
    "@std/internal@1.0.14": {
      "integrity": "291516b3d4c35024d6ffbc0a9df5bf4c64116e05b50012cf846710152d2ffdf7"
    },
    "@std/path@1.1.5": {
      "integrity": "ccea00982ea28c36becaf6e62f855406c76a8c32d462f66f415bbb7d83a271bc",
      "dependencies": [
        "jsr:@std/internal"
      ]
    },
    "@std/toml@1.0.11": {
      "integrity": "e084988b872ca4bad6aedfb7350f6eeed0e8ba88e9ee5e1590621c5b5bb8f715",
      "dependencies": [
        "jsr:@std/collections"
      ]
    }
  },
  "workspace": {
    "packageJson": {
      "dependencies": [
        "npm:@jsr/std__toml@1.0.11",
        "npm:oxfmt@0.53.0",
        "npm:oxlint-tsgolint@0.23.0",
        "npm:oxlint@1.68.0"
      ]
    }
  }
}
