# @generated - this file is auto-generated by `mise lock` https://mise.jdx.dev/dev-tools/mise-lock.html

lockfile_version = 3

[[tools.deno]]
version = "2.9.7"
backend = "core:deno"
specifiers = ["latest"]

[[tools.hk]]
version = "2.5.0"
backend = "packslip:github.com/jdx/hk"
specifiers = ["latest"]

[[tools.usage]]
version = "6.12.0"
backend = "packslip:github.com/jdx/usage"
specifiers = ["latest"]
